Microsoft Visual Studio Solution File, Format Version 12.00
# Visual Studio 14
VisualStudioVersion = 14.0.24720.0
MinimumVisualStudioVersion = 10.0.40219.1
Project("{E24C65DC-7377-472B-9ABA-BC803B73C61A}") = "RockWeb", "http://localhost:50345", "{22348267-9BDF-4B5E-BB6E-37B5FA770224}"
	ProjectSection(WebsiteProperties) = preProject
		UseIISExpress = "true"
		TargetFrameworkMoniker = ".NETFramework,Version%3Dv4.5.1"
		ProjectReferences = "{496ec024-71ed-4ad1-b677-2a3fa60ccd05}|org.newpointe.ServiceUCalendar.dll;{1018d6f2-dd34-4aa6-a22b-2c5f5c339cc8}|org.newpointe.Giving.dll;"
		Debug.AspNetCompiler.VirtualPath = "/localhost_50345"
		Debug.AspNetCompiler.PhysicalPath = "RockWeb\"
		Debug.AspNetCompiler.TargetPath = "PrecompiledWeb\localhost_50345\"
		Debug.AspNetCompiler.Updateable = "true"
		Debug.AspNetCompiler.ForceOverwrite = "true"
		Debug.AspNetCompiler.FixedNames = "false"
		Debug.AspNetCompiler.Debug = "True"
		Release.AspNetCompiler.VirtualPath = "/localhost_50345"
		Release.AspNetCompiler.PhysicalPath = "RockWeb\"
		Release.AspNetCompiler.TargetPath = "PrecompiledWeb\localhost_50345\"
		Release.AspNetCompiler.Updateable = "true"
		Release.AspNetCompiler.ForceOverwrite = "true"
		Release.AspNetCompiler.FixedNames = "false"
		Release.AspNetCompiler.Debug = "False"
		SlnRelativePath = "RockWeb\"
	EndProjectSection
EndProject
Project("{FAE04EC0-301F-11D3-BF4B-00C04F79EFBC}") = "org.newpointe.ServiceUCalendar", "org.newpointe.ServiceUCalendar\org.newpointe.ServiceUCalendar.csproj", "{496EC024-71ED-4AD1-B677-2A3FA60CCD05}"
EndProject
Project("{2150E333-8FDC-42A3-9474-1A3956D46DE8}") = "Solution Items", "Solution Items", "{35B1409D-555D-4E7D-857D-43CC24426FE6}"
	ProjectSection(SolutionItems) = preProject
		WebEssentials2015-Settings.json = WebEssentials2015-Settings.json
	EndProjectSection
EndProject
Project("{FAE04EC0-301F-11D3-BF4B-00C04F79EFBC}") = "org.newpointe.Giving", "org.newpointe.Giving\org.newpointe.Giving.csproj", "{1018D6F2-DD34-4AA6-A22B-2C5F5C339CC8}"
EndProject
Project("{FAE04EC0-301F-11D3-BF4B-00C04F79EFBC}") = "org.newpointe.LiveService", "org.newpointe.LiveService\org.newpointe.LiveService.csproj", "{E202CF81-6268-4AA1-9F50-D69D36833B40}"
EndProject
Project("{FAE04EC0-301F-11D3-BF4B-00C04F79EFBC}") = "org.newpointe.SchoolDistrict", "org.newpointe.SchoolDistrict\org.newpointe.SchoolDistrict.csproj", "{C9E855A5-8B9B-4CD2-8512-E6E613DE9795}"
EndProject
Global
	GlobalSection(SolutionConfigurationPlatforms) = preSolution
		Debug|Any CPU = Debug|Any CPU
		Release|Any CPU = Release|Any CPU
	EndGlobalSection
	GlobalSection(ProjectConfigurationPlatforms) = postSolution
		{22348267-9BDF-4B5E-BB6E-37B5FA770224}.Debug|Any CPU.ActiveCfg = Debug|Any CPU
		{22348267-9BDF-4B5E-BB6E-37B5FA770224}.Debug|Any CPU.Build.0 = Debug|Any CPU
		{22348267-9BDF-4B5E-BB6E-37B5FA770224}.Release|Any CPU.ActiveCfg = Debug|Any CPU
		{22348267-9BDF-4B5E-BB6E-37B5FA770224}.Release|Any CPU.Build.0 = Debug|Any CPU
		{496EC024-71ED-4AD1-B677-2A3FA60CCD05}.Debug|Any CPU.ActiveCfg = Debug|Any CPU
		{496EC024-71ED-4AD1-B677-2A3FA60CCD05}.Debug|Any CPU.Build.0 = Debug|Any CPU
		{496EC024-71ED-4AD1-B677-2A3FA60CCD05}.Release|Any CPU.ActiveCfg = Release|Any CPU
		{496EC024-71ED-4AD1-B677-2A3FA60CCD05}.Release|Any CPU.Build.0 = Release|Any CPU
		{1018D6F2-DD34-4AA6-A22B-2C5F5C339CC8}.Debug|Any CPU.ActiveCfg = Debug|Any CPU
		{1018D6F2-DD34-4AA6-A22B-2C5F5C339CC8}.Debug|Any CPU.Build.0 = Debug|Any CPU
		{1018D6F2-DD34-4AA6-A22B-2C5F5C339CC8}.Release|Any CPU.ActiveCfg = Release|Any CPU
		{1018D6F2-DD34-4AA6-A22B-2C5F5C339CC8}.Release|Any CPU.Build.0 = Release|Any CPU
		{E202CF81-6268-4AA1-9F50-D69D36833B40}.Debug|Any CPU.ActiveCfg = Debug|Any CPU
		{E202CF81-6268-4AA1-9F50-D69D36833B40}.Debug|Any CPU.Build.0 = Debug|Any CPU
		{E202CF81-6268-4AA1-9F50-D69D36833B40}.Release|Any CPU.ActiveCfg = Release|Any CPU
		{E202CF81-6268-4AA1-9F50-D69D36833B40}.Release|Any CPU.Build.0 = Release|Any CPU
		{C9E855A5-8B9B-4CD2-8512-E6E613DE9795}.Debug|Any CPU.ActiveCfg = Debug|Any CPU
		{C9E855A5-8B9B-4CD2-8512-E6E613DE9795}.Debug|Any CPU.Build.0 = Debug|Any CPU
		{C9E855A5-8B9B-4CD2-8512-E6E613DE9795}.Release|Any CPU.ActiveCfg = Release|Any CPU
		{C9E855A5-8B9B-4CD2-8512-E6E613DE9795}.Release|Any CPU.Build.0 = Release|Any CPU
	EndGlobalSection
	GlobalSection(SolutionProperties) = preSolution
		HideSolutionNode = FALSE
	EndGlobalSection
EndGlobal
