Microsoft Visual Studio Solution File, Format Version 12.00
# Visual Studio 15
VisualStudioVersion = 15.0.26430.6
MinimumVisualStudioVersion = 10.0.40219.1
Project("{E24C65DC-7377-472B-9ABA-BC803B73C61A}") = "RockWeb(3)", "http://localhost:60842", "{22348267-9BDF-4B5E-BB6E-37B5FA770224}"
	ProjectSection(WebsiteProperties) = preProject
		UseIISExpress = "true"
		TargetFrameworkMoniker = ".NETFramework,Version%3Dv4.5.2"
		ProjectReferences = "{526c47b7-7b7e-453f-ae5b-ef14ff180b4d}|org.newpointe.ExtraSearch.dll;{c4f91120-fd92-49be-81a5-6b10e870aad9}|org.newpointe.ExtraJobs.dll;{89d22c1d-7a5d-4255-a2b5-3165fe85f168}|org.newpointe.ExtraActions.dll;{8a3ad405-6f35-43e8-96ff-9d1f57e84ff5}|org.newpointe.ProtectMyMinistry.dll;{054e242b-9622-4c7a-ad13-657940bec32b}|org.newpointe.PrivateChat.dll;{a3e1f519-ddc7-4a2a-bb76-3009d021b31b}|org.newpointe.Stars.dll;"
		Debug.AspNetCompiler.VirtualPath = "/localhost_60842"
		Debug.AspNetCompiler.PhysicalPath = "RockWeb\"
		Debug.AspNetCompiler.TargetPath = "PrecompiledWeb\localhost_60842\"
		Debug.AspNetCompiler.Updateable = "true"
		Debug.AspNetCompiler.ForceOverwrite = "true"
		Debug.AspNetCompiler.FixedNames = "false"
		Debug.AspNetCompiler.Debug = "True"
		Release.AspNetCompiler.VirtualPath = "/localhost_60842"
		Release.AspNetCompiler.PhysicalPath = "RockWeb\"
		Release.AspNetCompiler.TargetPath = "PrecompiledWeb\localhost_60842\"
		Release.AspNetCompiler.Updateable = "true"
		Release.AspNetCompiler.ForceOverwrite = "true"
		Release.AspNetCompiler.FixedNames = "false"
		Release.AspNetCompiler.Debug = "False"
		SlnRelativePath = "RockWeb\"
	EndProjectSection
EndProject
Project("{FAE04EC0-301F-11D3-BF4B-00C04F79EFBC}") = "org.newpointe.ExtraJobs", "org.newpointe.ExtraJobs\org.newpointe.ExtraJobs.csproj", "{C4F91120-FD92-49BE-81A5-6B10E870AAD9}"
EndProject
Project("{FAE04EC0-301F-11D3-BF4B-00C04F79EFBC}") = "org.newpointe.ExtraActions", "org.newpointe.ExtraActions\org.newpointe.ExtraActions.csproj", "{89D22C1D-7A5D-4255-A2B5-3165FE85F168}"
EndProject
Project("{FAE04EC0-301F-11D3-BF4B-00C04F79EFBC}") = "org.newpointe.ExtraSearch", "org.newpointe.ExtraSearch\org.newpointe.ExtraSearch.csproj", "{526C47B7-7B7E-453F-AE5B-EF14FF180B4D}"
EndProject
Project("{FAE04EC0-301F-11D3-BF4B-00C04F79EFBC}") = "org.newpointe.ProtectMyMinistry", "org.newpointe.ProtectMyMinistry\org.newpointe.ProtectMyMinistry.csproj", "{8A3AD405-6F35-43E8-96FF-9D1F57E84FF5}"
EndProject
Project("{FAE04EC0-301F-11D3-BF4B-00C04F79EFBC}") = "org.newpointe.PrivateChat", "org.newpointe.PrivateChat\org.newpointe.PrivateChat.csproj", "{054E242B-9622-4C7A-AD13-657940BEC32B}"
EndProject
Project("{FAE04EC0-301F-11D3-BF4B-00C04F79EFBC}") = "org.newpointe.Stars", "org.newpointe.Stars\org.newpointe.Stars.csproj", "{A3E1F519-DDC7-4A2A-BB76-3009D021B31B}"
EndProject
Project("{FAE04EC0-301F-11D3-BF4B-00C04F79EFBC}") = "org.newpointe.API", "org.newpointe.API\org.newpointe.API.csproj", "{6D905485-7535-45AC-AD55-ACEA35062601}"
EndProject
Global
	GlobalSection(SolutionConfigurationPlatforms) = preSolution
		Debug|Any CPU = Debug|Any CPU
		Release|Any CPU = Release|Any CPU
	EndGlobalSection
	GlobalSection(ProjectConfigurationPlatforms) = postSolution
		{22348267-9BDF-4B5E-BB6E-37B5FA770224}.Debug|Any CPU.ActiveCfg = Debug|Any CPU
		{22348267-9BDF-4B5E-BB6E-37B5FA770224}.Debug|Any CPU.Build.0 = Debug|Any CPU
		{22348267-9BDF-4B5E-BB6E-37B5FA770224}.Release|Any CPU.ActiveCfg = Debug|Any CPU
		{22348267-9BDF-4B5E-BB6E-37B5FA770224}.Release|Any CPU.Build.0 = Debug|Any CPU
		{C4F91120-FD92-49BE-81A5-6B10E870AAD9}.Debug|Any CPU.ActiveCfg = Debug|Any CPU
		{C4F91120-FD92-49BE-81A5-6B10E870AAD9}.Debug|Any CPU.Build.0 = Debug|Any CPU
		{C4F91120-FD92-49BE-81A5-6B10E870AAD9}.Release|Any CPU.ActiveCfg = Release|Any CPU
		{C4F91120-FD92-49BE-81A5-6B10E870AAD9}.Release|Any CPU.Build.0 = Release|Any CPU
		{89D22C1D-7A5D-4255-A2B5-3165FE85F168}.Debug|Any CPU.ActiveCfg = Debug|Any CPU
		{89D22C1D-7A5D-4255-A2B5-3165FE85F168}.Debug|Any CPU.Build.0 = Debug|Any CPU
		{89D22C1D-7A5D-4255-A2B5-3165FE85F168}.Release|Any CPU.ActiveCfg = Release|Any CPU
		{89D22C1D-7A5D-4255-A2B5-3165FE85F168}.Release|Any CPU.Build.0 = Release|Any CPU
		{526C47B7-7B7E-453F-AE5B-EF14FF180B4D}.Debug|Any CPU.ActiveCfg = Debug|Any CPU
		{526C47B7-7B7E-453F-AE5B-EF14FF180B4D}.Debug|Any CPU.Build.0 = Debug|Any CPU
		{526C47B7-7B7E-453F-AE5B-EF14FF180B4D}.Release|Any CPU.ActiveCfg = Release|Any CPU
		{526C47B7-7B7E-453F-AE5B-EF14FF180B4D}.Release|Any CPU.Build.0 = Release|Any CPU
		{8A3AD405-6F35-43E8-96FF-9D1F57E84FF5}.Debug|Any CPU.ActiveCfg = Debug|Any CPU
		{8A3AD405-6F35-43E8-96FF-9D1F57E84FF5}.Debug|Any CPU.Build.0 = Debug|Any CPU
		{8A3AD405-6F35-43E8-96FF-9D1F57E84FF5}.Release|Any CPU.ActiveCfg = Release|Any CPU
		{8A3AD405-6F35-43E8-96FF-9D1F57E84FF5}.Release|Any CPU.Build.0 = Release|Any CPU
		{054E242B-9622-4C7A-AD13-657940BEC32B}.Debug|Any CPU.ActiveCfg = Debug|Any CPU
		{054E242B-9622-4C7A-AD13-657940BEC32B}.Debug|Any CPU.Build.0 = Debug|Any CPU
		{054E242B-9622-4C7A-AD13-657940BEC32B}.Release|Any CPU.ActiveCfg = Release|Any CPU
		{054E242B-9622-4C7A-AD13-657940BEC32B}.Release|Any CPU.Build.0 = Release|Any CPU
		{A3E1F519-DDC7-4A2A-BB76-3009D021B31B}.Debug|Any CPU.ActiveCfg = Debug|Any CPU
		{A3E1F519-DDC7-4A2A-BB76-3009D021B31B}.Debug|Any CPU.Build.0 = Debug|Any CPU
		{A3E1F519-DDC7-4A2A-BB76-3009D021B31B}.Release|Any CPU.ActiveCfg = Release|Any CPU
		{A3E1F519-DDC7-4A2A-BB76-3009D021B31B}.Release|Any CPU.Build.0 = Release|Any CPU
		{6D905485-7535-45AC-AD55-ACEA35062601}.Debug|Any CPU.ActiveCfg = Debug|Any CPU
		{6D905485-7535-45AC-AD55-ACEA35062601}.Debug|Any CPU.Build.0 = Debug|Any CPU
		{6D905485-7535-45AC-AD55-ACEA35062601}.Release|Any CPU.ActiveCfg = Release|Any CPU
		{6D905485-7535-45AC-AD55-ACEA35062601}.Release|Any CPU.Build.0 = Release|Any CPU
	EndGlobalSection
	GlobalSection(SolutionProperties) = preSolution
		HideSolutionNode = FALSE
	EndGlobalSection
EndGlobal
